{
  "name": "semana17-practica",
  "lockfileVersion": 2,
  "requires": true,
  "packages": {
    "": {
      "dependencies": {
        "write-csv": "^1.0.0"
      }
    },
    "node_modules/csv-stringify": {
      "version": "0.0.8",
      "resolved": "https://registry.npmjs.org/csv-stringify/-/csv-stringify-0.0.8.tgz",
      "integrity": "sha1-Usw7PfwZd1jFWtMlqVvoUHH55Rs="
    },
    "node_modules/write-csv": {
      "version": "1.0.0",
      "resolved": "https://registry.npmjs.org/write-csv/-/write-csv-1.0.0.tgz",
      "integrity": "sha1-1RdbysAj+LeH2/bZJ+Hgc07IwjU=",
      "dependencies": {
        "csv-stringify": "0.0.8"
      }
    }
  },
  "dependencies": {
    "csv-stringify": {
      "version": "0.0.8",
      "resolved": "https://registry.npmjs.org/csv-stringify/-/csv-stringify-0.0.8.tgz",
      "integrity": "sha1-Usw7PfwZd1jFWtMlqVvoUHH55Rs="
    },
    "write-csv": {
      "version": "1.0.0",
      "resolved": "https://registry.npmjs.org/write-csv/-/write-csv-1.0.0.tgz",
      "integrity": "sha1-1RdbysAj+LeH2/bZJ+Hgc07IwjU=",
      "requires": {
        "csv-stringify": "0.0.8"
      }
    }
  }
}
